
Microsoft Visual Studio Solution File, Format Version 12.00
# Visual Studio Version 17
VisualStudioVersion = 17.7.34031.279
MinimumVisualStudioVersion = 10.0.40219.1
Project("{FAE04EC0-301F-11D3-BF4B-00C04F79EFBC}") = "To-doListProject", "To-doListProject.csproj", "{CD65438F-1F4C-4494-8F64-61E0209D102D}"
EndProject
Global
	GlobalSection(SolutionConfigurationPlatforms) = preSolution
		Debug|Any CPU = Debug|Any CPU
		Release|Any CPU = Release|Any CPU
	EndGlobalSection
	GlobalSection(ProjectConfigurationPlatforms) = postSolution
		{CD65438F-1F4C-4494-8F64-61E0209D102D}.Debug|Any CPU.ActiveCfg = Debug|Any CPU
		{CD65438F-1F4C-4494-8F64-61E0209D102D}.Debug|Any CPU.Build.0 = Debug|Any CPU
		{CD65438F-1F4C-4494-8F64-61E0209D102D}.Release|Any CPU.ActiveCfg = Release|Any CPU
		{CD65438F-1F4C-4494-8F64-61E0209D102D}.Release|Any CPU.Build.0 = Release|Any CPU
	EndGlobalSection
	GlobalSection(SolutionProperties) = preSolution
		HideSolutionNode = FALSE
	EndGlobalSection
	GlobalSection(ExtensibilityGlobals) = postSolution
		SolutionGuid = {6C643548-F403-4DF0-B675-FF2213F91951}
	EndGlobalSection
EndGlobal
